# THIS IS AN AUTOGENERATED FILE. DO NOT EDIT THIS FILE DIRECTLY.
# yarn lockfile v1


"@babel/runtime@^7.15.3", "@babel/runtime@^7.15.4", "@babel/runtime@^7.16.0":
  version "7.16.3"
  resolved "https://registry.yarnpkg.com/@babel/runtime/-/runtime-7.16.3.tgz#b86f0db02a04187a3c17caa77de69840165d42d5"
  integrity sha512-WBwekcqacdY2e9AF/Q7WLFUWmdJGJTkbjqTjoMDgXkVZ3ZRUvOPsLb5KdwISoQVsbP+DQzVZW4Zhci0DvpbNTQ==
  dependencies:
    regenerator-runtime "^0.13.4"

"@kiltprotocol/chain-helpers@0.24.0-17":
  version "0.24.0-17"
  resolved "https://registry.yarnpkg.com/@kiltprotocol/chain-helpers/-/chain-helpers-0.24.0-17.tgz#7a5afb570f28e169c42a5c0885707cb96cfd430d"
  integrity sha512-eVsFpYRdQGgUm7TiYPVXHsxk6T7F6d0U8KzWr1W9Pot1Meif82A+8dgQiWG03xtrVA8SGXDBr3OHbL+4/RUfQQ==
  dependencies:
    "@kiltprotocol/config" "0.24.0-17"
    "@kiltprotocol/type-definitions" "0.1.23"
    "@kiltprotocol/types" "0.24.0-17"
    "@kiltprotocol/utils" "0.24.0-17"
    "@polkadot/api" "6.4.2"
    "@polkadot/keyring" "7.5.1"
    "@polkadot/types" "6.4.2"
    "@polkadot/util" "7.5.1"
    typescript-logging "^0.6.4"

"@kiltprotocol/config@0.24.0-17":
  version "0.24.0-17"
  resolved "https://registry.yarnpkg.com/@kiltprotocol/config/-/config-0.24.0-17.tgz#9069e5fad5f0605eceaaae118e5e47417dc070fb"
  integrity sha512-2E0ef/+CRHa3aIO6Ex7JhfVPIL+rjv3KQF83mW18vgqdXgXe7agTHpz4MFS+6A6bKR8uMFvAAMDbLX97mWFzEg==
  dependencies:
    "@kiltprotocol/utils" "0.24.0-17"
    typescript-logging "^0.6.4"

"@kiltprotocol/core@0.24.0-17":
  version "0.24.0-17"
  resolved "https://registry.yarnpkg.com/@kiltprotocol/core/-/core-0.24.0-17.tgz#ea01f7822e38fd7811225ab2136a2848593db78d"
  integrity sha512-uXNVKYoT8qWISaZKfFyRvTCMLwishD76wFrOShFSlr/hNjFjB4qWt2apuMb1Dy0iBeUFf2Hyq6EToFsscfJtOQ==
  dependencies:
    "@kiltprotocol/chain-helpers" "0.24.0-17"
    "@kiltprotocol/config" "0.24.0-17"
    "@kiltprotocol/did" "0.24.0-17"
    "@kiltprotocol/types" "0.24.0-17"
    "@kiltprotocol/utils" "0.24.0-17"
    "@polkadot/api" "6.4.2"
    "@polkadot/keyring" "7.5.1"
    "@polkadot/types" "6.4.2"
    "@polkadot/types-known" "6.4.2"
    "@polkadot/util" "7.5.1"
    "@polkadot/util-crypto" "7.5.1"
    ajv "^6.12.5"
    tweetnacl "^1.0.3"
    typescript-logging "^0.6.4"

"@kiltprotocol/did@0.24.0-17":
  version "0.24.0-17"
  resolved "https://registry.yarnpkg.com/@kiltprotocol/did/-/did-0.24.0-17.tgz#b7f27a9020530b01ce56c86de8166a6911e0cd2e"
  integrity sha512-HktN3Fk9RSnh1Qzab99/SHtqGOc/yml0PIA9Tu30OPtYW+MQcUvxgNQSeE0eKzpu+lavejRrkQ3sMVX5v4N6yg==
  dependencies:
    "@kiltprotocol/chain-helpers" "0.24.0-17"
    "@kiltprotocol/types" "0.24.0-17"
    "@kiltprotocol/utils" "0.24.0-17"
    "@polkadot/api" "6.4.2"
    "@polkadot/keyring" "7.5.1"
    "@polkadot/types" "6.4.2"
    "@polkadot/util" "7.5.1"
    "@polkadot/util-crypto" "7.5.1"
    cbor "^8.0.2"

"@kiltprotocol/messaging@0.24.0-17":
  version "0.24.0-17"
  resolved "https://registry.yarnpkg.com/@kiltprotocol/messaging/-/messaging-0.24.0-17.tgz#3c13bad04011804833a8ed59d00d2d6234820f52"
  integrity sha512-yVhxPjUmgf7cuqTWOFELt7BlU3OAkHSG1SY29vClYV/+5lEENwRToC6vc1InHbO6zx8AM8f4w1Dv+FqoAU0QLw==
  dependencies:
    "@kiltprotocol/core" "0.24.0-17"
    "@kiltprotocol/did" "0.24.0-17"
    "@kiltprotocol/types" "0.24.0-17"
    "@kiltprotocol/utils" "0.24.0-17"
    "@polkadot/util" "7.5.1"

"@kiltprotocol/sdk-js@^0.24.0-17":
  version "0.24.0-17"
  resolved "https://registry.yarnpkg.com/@kiltprotocol/sdk-js/-/sdk-js-0.24.0-17.tgz#bd8316c217d8a63727f3af40da599af06acc4ffd"
  integrity sha512-8Pdei68b6MGVeAsRfwKBMGtVjQWHxKgj98fOqFwR6uVYAZ4S7SdzBjXsAbUo+MpMw0D8p/Owaspod8NynHdwvA==
  dependencies:
    "@kiltprotocol/chain-helpers" "0.24.0-17"
    "@kiltprotocol/core" "0.24.0-17"
    "@kiltprotocol/did" "0.24.0-17"
    "@kiltprotocol/messaging" "0.24.0-17"
    "@kiltprotocol/types" "0.24.0-17"
    "@kiltprotocol/utils" "0.24.0-17"

"@kiltprotocol/type-definitions@0.1.23":
  version "0.1.23"
  resolved "https://registry.yarnpkg.com/@kiltprotocol/type-definitions/-/type-definitions-0.1.23.tgz#c54475dad7849dc4654975da33590872fc9acdde"
  integrity sha512-5bGUDo8aVTWttwUrV1gyRUlbBn9zllv6/ofAda9ejMbjY5o99YqsAWlXg1mro6BqE3rcF/i0tGbIdO9Z0tOttA==

"@kiltprotocol/types@0.24.0-17":
  version "0.24.0-17"
  resolved "https://registry.yarnpkg.com/@kiltprotocol/types/-/types-0.24.0-17.tgz#9dbf76fa382b0d7b9feccbdf274a8da439be8cdb"
  integrity sha512-vNmpBsrXgTIOcJhc5WlxPp02jrGw1FNw+vXgTB2h+st1cVVhw9mM8qOq//Nb5VHfr7L+z0DtB/LzjFehElv0oA==
  dependencies:
    "@polkadot/api" "6.4.2"
    "@polkadot/keyring" "7.5.1"
    "@polkadot/types" "6.4.2"
    tweetnacl "^1.0.3"

"@kiltprotocol/utils@0.24.0-17":
  version "0.24.0-17"
  resolved "https://registry.yarnpkg.com/@kiltprotocol/utils/-/utils-0.24.0-17.tgz#1f39d5e1aef4f597413737dbad01976829dc2046"
  integrity sha512-12xzfrofNbKdz5Zdn/xRBcj4kBZ2X7xaTIqZjxljRxRhbHJOI4SRxgQ0oBRIOOZy+OMFNvuQ6ZkDJTUMCXqSDQ==
  dependencies:
    "@kiltprotocol/types" "0.24.0-17"
    "@polkadot/keyring" "7.5.1"
    "@polkadot/types" "6.4.2"
    "@polkadot/util" "7.5.1"
    "@polkadot/util-crypto" "7.5.1"
    tweetnacl "^1.0.3"
    uuid "^8.1.0"

"@polkadot/api-derive@6.4.2":
  version "6.4.2"
  resolved "https://registry.yarnpkg.com/@polkadot/api-derive/-/api-derive-6.4.2.tgz#1f63765285cc308beff20729e06b937b40d9a2c2"
  integrity sha512-vz/ruz9NXPmr753nA3a6eCgif+Ftp8rrpwn9183mJImEgeZ3P95a90kQGHjiFf+KTxmt0mhU5FvBc3Cit8pxRw==
  dependencies:
    "@babel/runtime" "^7.15.4"
    "@polkadot/api" "6.4.2"
    "@polkadot/rpc-core" "6.4.2"
    "@polkadot/types" "6.4.2"
    "@polkadot/util" "^7.5.1"
    "@polkadot/util-crypto" "^7.5.1"
    rxjs "^7.4.0"

"@polkadot/api@6.4.2":
  version "6.4.2"
  resolved "https://registry.yarnpkg.com/@polkadot/api/-/api-6.4.2.tgz#60a13d07a97a65561e46b9abdde04531ed9f97fa"
  integrity sha512-6SZ/RbSQtq7fclpFtL8rMCTEE1pWQoV5uVygVVHb9pckypq3su5EcUHHuMw6FUg4P4gOpAUSxwBZAJABzGXL3g==
  dependencies:
    "@babel/runtime" "^7.15.4"
    "@polkadot/api-derive" "6.4.2"
    "@polkadot/keyring" "^7.5.1"
    "@polkadot/rpc-core" "6.4.2"
    "@polkadot/rpc-provider" "6.4.2"
    "@polkadot/types" "6.4.2"
    "@polkadot/types-known" "6.4.2"
    "@polkadot/util" "^7.5.1"
    "@polkadot/util-crypto" "^7.5.1"
    eventemitter3 "^4.0.7"
    rxjs "^7.4.0"

"@polkadot/keyring@7.5.1", "@polkadot/keyring@7.8.2", "@polkadot/keyring@^7.5.1":
  version "7.8.2"
  resolved "https://registry.yarnpkg.com/@polkadot/keyring/-/keyring-7.8.2.tgz#c4d1a3c6cb9b07a659558f4869d92e00f6420208"
  integrity sha512-QmSXkaUxXEt4Yx5RVUmPO8LGscuEOGjrH7tolQS9ASdxZjeCwIXl7+CTHGPUhGhJDMAJE/gvG2V2E9Al8N0tvQ==
  dependencies:
    "@babel/runtime" "^7.16.0"
    "@polkadot/util" "7.8.2"
    "@polkadot/util-crypto" "7.8.2"

"@polkadot/networks@7.8.2", "@polkadot/networks@^7.5.1":
  version "7.8.2"
  resolved "https://registry.yarnpkg.com/@polkadot/networks/-/networks-7.8.2.tgz#24bc6f946069395c08a24da65c848f7158fb7abf"
  integrity sha512-E/Bm4QUAfyBUCv0Bq9ldRVNG+trLHoOAv6ttzWKw/UHoa2cDe2UP9qTUnxtXWAmyIYWvLeoMHgStj+pWbLL8SA==
  dependencies:
    "@babel/runtime" "^7.16.0"

"@polkadot/rpc-core@6.4.2":
  version "6.4.2"
  resolved "https://registry.yarnpkg.com/@polkadot/rpc-core/-/rpc-core-6.4.2.tgz#fbef943b3d90bf3794e96b8877bc308f036503e8"
  integrity sha512-CseygtMZhrvROieOtQhaB7SHz7LYmCtscGevHR8JtbKyoR9erAxD9LXHlWL427U9hVzLgdtLnIKp/h5wxa2y0A==
  dependencies:
    "@babel/runtime" "^7.15.4"
    "@polkadot/rpc-provider" "6.4.2"
    "@polkadot/types" "6.4.2"
    "@polkadot/util" "^7.5.1"
    rxjs "^7.4.0"

"@polkadot/rpc-provider@6.4.2":
  version "6.4.2"
  resolved "https://registry.yarnpkg.com/@polkadot/rpc-provider/-/rpc-provider-6.4.2.tgz#7324eb317e8dd267d93aa0692869b9a730470a4c"
  integrity sha512-An2GwDBOorkyM+CPU2TyklYuVwFQty1nsV2U3FwkM2w06A9FPwxvvTWtjI4LQPMGJBGCn1HE0ZE7CqqczBftAg==
  dependencies:
    "@babel/runtime" "^7.15.4"
    "@polkadot/types" "6.4.2"
    "@polkadot/util" "^7.5.1"
    "@polkadot/util-crypto" "^7.5.1"
    "@polkadot/x-fetch" "^7.5.1"
    "@polkadot/x-global" "^7.5.1"
    "@polkadot/x-ws" "^7.5.1"
    eventemitter3 "^4.0.7"

"@polkadot/types-known@6.4.2":
  version "6.4.2"
  resolved "https://registry.yarnpkg.com/@polkadot/types-known/-/types-known-6.4.2.tgz#35cbc9e48b7d4488539424af00aad18180b65fdf"
  integrity sha512-Oz8wk100TlToa2PD1lUzllksys3XjDS93Pg/gi7MBvpn896iFQbdn487ra9e9fj5m+jAfkFoOUusnSPk38VylA==
  dependencies:
    "@babel/runtime" "^7.15.4"
    "@polkadot/networks" "^7.5.1"
    "@polkadot/types" "6.4.2"
    "@polkadot/util" "^7.5.1"

"@polkadot/types@6.4.2":
  version "6.4.2"
  resolved "https://registry.yarnpkg.com/@polkadot/types/-/types-6.4.2.tgz#8df8caeceb17e9ad50094ee7a3af5f248519d4ad"
  integrity sha512-Pb9KjYWUrhHGcgZjqK3N28OWMKbi3vth1evZY9tIW8sV+m5/L8UhbUhM5XvcKQkVCv9BV0Aqbd7GvWoq9yR2dg==
  dependencies:
    "@babel/runtime" "^7.15.4"
    "@polkadot/util" "^7.5.1"
    "@polkadot/util-crypto" "^7.5.1"
    rxjs "^7.4.0"

"@polkadot/util-crypto@7.5.1", "@polkadot/util-crypto@7.8.2", "@polkadot/util-crypto@^7.5.1":
  version "7.8.2"
  resolved "https://registry.yarnpkg.com/@polkadot/util-crypto/-/util-crypto-7.8.2.tgz#8fdf177793b00eced2d132ce03b0a9c0b0d1441b"
  integrity sha512-wmWRRQuYmf3j4DJMPG2+J2BCS0uyO9yXuYlPdZ31enehTNDPl7Uke9sCUAdlAIwIfz60i4SIh8wyFPKMMwthqQ==
  dependencies:
    "@babel/runtime" "^7.16.0"
    "@polkadot/networks" "7.8.2"
    "@polkadot/util" "7.8.2"
    "@polkadot/wasm-crypto" "^4.2.1"
    "@polkadot/x-randomvalues" "7.8.2"
    base-x "^3.0.9"
    base64-js "^1.5.1"
    blakejs "^1.1.1"
    bn.js "^4.12.0"
    create-hash "^1.2.0"
    ed2curve "^0.3.0"
    elliptic "^6.5.4"
    hash.js "^1.1.7"
    js-sha3 "^0.8.0"
    scryptsy "^2.1.0"
    tweetnacl "^1.0.3"
    xxhashjs "^0.2.2"

"@polkadot/util@7.5.1", "@polkadot/util@7.8.2", "@polkadot/util@^7.5.1":
  version "7.8.2"
  resolved "https://registry.yarnpkg.com/@polkadot/util/-/util-7.8.2.tgz#7d42e4981fdec6f032f29602400b966ddababf03"
  integrity sha512-7JxRdSjw+7EUmCEIju34VLgeICNmfnOPby6lTzac0ODO2IH3NfE42YRGjRelRm+cNEmL272jojfU+o2Q7ePTww==
  dependencies:
    "@babel/runtime" "^7.16.0"
    "@polkadot/x-textdecoder" "7.8.2"
    "@polkadot/x-textencoder" "7.8.2"
    "@types/bn.js" "^4.11.6"
    bn.js "^4.12.0"
    camelcase "^6.2.0"
    ip-regex "^4.3.0"

"@polkadot/wasm-crypto-asmjs@^4.2.1":
  version "4.2.1"
  resolved "https://registry.yarnpkg.com/@polkadot/wasm-crypto-asmjs/-/wasm-crypto-asmjs-4.2.1.tgz#6b7eae1c011709f8042dfd30872a5fc5e9e021c0"
  integrity sha512-ON9EBpTNDCI3QRUmuQJIegYoAcwvxDaNNA7uwKTaEEStu8LjCIbQxbt4WbOBYWI0PoUpl4iIluXdT3XZ3V3jXA==
  dependencies:
    "@babel/runtime" "^7.15.3"

"@polkadot/wasm-crypto-wasm@^4.2.1":
  version "4.2.1"
  resolved "https://registry.yarnpkg.com/@polkadot/wasm-crypto-wasm/-/wasm-crypto-wasm-4.2.1.tgz#2a86f9b405e7195c3f523798c6ce4afffd19737e"
  integrity sha512-Rs2CKiR4D+2hKzmKBfPNYxcd2E8NfLWia0av4fgicjT9YsWIWOGQUi9AtSOfazPOR9FrjxKJy+chQxAkcfKMnQ==
  dependencies:
    "@babel/runtime" "^7.15.3"

"@polkadot/wasm-crypto@^4.2.1":
  version "4.2.1"
  resolved "https://registry.yarnpkg.com/@polkadot/wasm-crypto/-/wasm-crypto-4.2.1.tgz#4d09402f5ac71a90962fb58cbe4b1707772a4fb6"
  integrity sha512-C/A/QnemOilRTLnM0LfhPY2N/x3ZFd1ihm9sXYyuh98CxtekSVYI9h4IJ5Jrgz5imSUHgvt9oJLqJ5GbWQV/Zg==
  dependencies:
    "@babel/runtime" "^7.15.3"
    "@polkadot/wasm-crypto-asmjs" "^4.2.1"
    "@polkadot/wasm-crypto-wasm" "^4.2.1"

"@polkadot/x-fetch@^7.5.1":
  version "7.8.2"
  resolved "https://registry.yarnpkg.com/@polkadot/x-fetch/-/x-fetch-7.8.2.tgz#50912bc547a3063215843aa335770bbf9b974d09"
  integrity sha512-CC9mQy9TW0WYmWRs7GNOzqvhIE05DBWP5tnDjjgZLcb1vB2wY4pUV5XQAK/gymbfsajWxEc/+89afwJ9PmhjQw==
  dependencies:
    "@babel/runtime" "^7.16.0"
    "@polkadot/x-global" "7.8.2"
    "@types/node-fetch" "^2.5.12"
    node-fetch "^2.6.6"

"@polkadot/x-global@7.8.2", "@polkadot/x-global@^7.5.1":
  version "7.8.2"
  resolved "https://registry.yarnpkg.com/@polkadot/x-global/-/x-global-7.8.2.tgz#bc15bfd46e78b8a97622e07824f1e75566f3cb3a"
  integrity sha512-olULRitxWv1tsSDgLdiVBbyzaU+OJbw8aTdmUMj9ZiIJstBzbNT/vsTWkX6JuMSLb9hw6ElaDXJ7zaffHY5siw==
  dependencies:
    "@babel/runtime" "^7.16.0"

"@polkadot/x-randomvalues@7.8.2":
  version "7.8.2"
  resolved "https://registry.yarnpkg.com/@polkadot/x-randomvalues/-/x-randomvalues-7.8.2.tgz#b24f261882f87bfa9c45f509d009aaf26037d1d8"
  integrity sha512-e/Jc9oCP+IIDWy5u+jk1Cz8ulI3os1VlSaQGsNPA8U56PGLJr+PeI4EnXzjIVgdKuwOhV7C/TTyu7fnGsIGTrA==
  dependencies:
    "@babel/runtime" "^7.16.0"
    "@polkadot/x-global" "7.8.2"

"@polkadot/x-textdecoder@7.8.2":
  version "7.8.2"
  resolved "https://registry.yarnpkg.com/@polkadot/x-textdecoder/-/x-textdecoder-7.8.2.tgz#b58fcaf5f4ea6dbe52117086053a022f63f5a79c"
  integrity sha512-Ggp/lUjG6+w75lpbUjWFAxH262gu9hfMu89qd9VOUoPX6CbNT5mUPKaVDtofjmKcQzfW1zZRPjlePzv+JVoTVg==
  dependencies:
    "@babel/runtime" "^7.16.0"
    "@polkadot/x-global" "7.8.2"

"@polkadot/x-textencoder@7.8.2":
  version "7.8.2"
  resolved "https://registry.yarnpkg.com/@polkadot/x-textencoder/-/x-textencoder-7.8.2.tgz#5cb52fd93a1cbc0fd2dae2ebba4cb2953750c266"
  integrity sha512-GtgqGlXYEQqwO6Nl9ZX08KF1Bc3WIId8ADDNTHqLgXaQLqQykwdqQZUKPSnjhQFf8kJX6+kOSxzmv8P5oMTJcg==
  dependencies:
    "@babel/runtime" "^7.16.0"
    "@polkadot/x-global" "7.8.2"

"@polkadot/x-ws@^7.5.1":
  version "7.8.2"
  resolved "https://registry.yarnpkg.com/@polkadot/x-ws/-/x-ws-7.8.2.tgz#8a9dce26603b70c5e6cd8f4edd500959315311ce"
  integrity sha512-ZnE82YTm96UY5Kt9mWFp5pEtBZRLw02w5EucZ5bCdBVGCIjU0wvfaHgyHRn0XlNCNvsExPanDiT3G+p+UX/NmQ==
  dependencies:
    "@babel/runtime" "^7.16.0"
    "@polkadot/x-global" "7.8.2"
    "@types/websocket" "^1.0.4"
    websocket "^1.0.34"

"@types/bn.js@^4.11.6":
  version "4.11.6"
  resolved "https://registry.yarnpkg.com/@types/bn.js/-/bn.js-4.11.6.tgz#c306c70d9358aaea33cd4eda092a742b9505967c"
  integrity sha512-pqr857jrp2kPuO9uRjZ3PwnJTjoQy+fcdxvBTvHm6dkmEL9q+hDD/2j/0ELOBPtPnS8LjCX0gI9nbl8lVkadpg==
  dependencies:
    "@types/node" "*"

"@types/node-fetch@^2.5.12":
  version "2.5.12"
  resolved "https://registry.yarnpkg.com/@types/node-fetch/-/node-fetch-2.5.12.tgz#8a6f779b1d4e60b7a57fb6fd48d84fb545b9cc66"
  integrity sha512-MKgC4dlq4kKNa/mYrwpKfzQMB5X3ee5U6fSprkKpToBqBmX4nFZL9cW5jl6sWn+xpRJ7ypWh2yyqqr8UUCstSw==
  dependencies:
    "@types/node" "*"
    form-data "^3.0.0"

"@types/node@*":
  version "16.11.7"
  resolved "https://registry.yarnpkg.com/@types/node/-/node-16.11.7.tgz#36820945061326978c42a01e56b61cd223dfdc42"
  integrity sha512-QB5D2sqfSjCmTuWcBWyJ+/44bcjO7VbjSbOE0ucoVbAsSNQc4Lt6QkgkVXkTDwkL4z/beecZNDvVX15D4P8Jbw==

"@types/websocket@^1.0.4":
  version "1.0.4"
  resolved "https://registry.yarnpkg.com/@types/websocket/-/websocket-1.0.4.tgz#1dc497280d8049a5450854dd698ee7e6ea9e60b8"
  integrity sha512-qn1LkcFEKK8RPp459jkjzsfpbsx36BBt3oC3pITYtkoBw/aVX+EZFa5j3ThCRTNpLFvIMr5dSTD4RaMdilIOpA==
  dependencies:
    "@types/node" "*"

ajv@^6.12.5:
  version "6.12.6"
  resolved "https://registry.yarnpkg.com/ajv/-/ajv-6.12.6.tgz#baf5a62e802b07d977034586f8c3baf5adf26df4"
  integrity sha512-j3fVLgvTo527anyYyJOGTYJbG+vnnQYvE0m5mmkc1TK+nxAppkCLMIL0aZ4dblVCNoGShhm+kzE4ZUykBoMg4g==
  dependencies:
    fast-deep-equal "^3.1.1"
    fast-json-stable-stringify "^2.0.0"
    json-schema-traverse "^0.4.1"
    uri-js "^4.2.2"

arg@^4.1.0:
  version "4.1.3"
  resolved "https://registry.yarnpkg.com/arg/-/arg-4.1.3.tgz#269fc7ad5b8e42cb63c896d5666017261c144089"
  integrity sha512-58S9QDqG0Xx27YwPSt9fJxivjYl432YCwfDMfZ+71RAqUrZef7LrKQZ3LHLOwCS4FLNBplP533Zx895SeOCHvA==

asynckit@^0.4.0:
  version "0.4.0"
  resolved "https://registry.yarnpkg.com/asynckit/-/asynckit-0.4.0.tgz#c79ed97f7f34cb8f2ba1bc9790bcc366474b4b79"
  integrity sha1-x57Zf380y48robyXkLzDZkdLS3k=

base-x@^3.0.9:
  version "3.0.9"
  resolved "https://registry.yarnpkg.com/base-x/-/base-x-3.0.9.tgz#6349aaabb58526332de9f60995e548a53fe21320"
  integrity sha512-H7JU6iBHTal1gp56aKoaa//YUxEaAOUiydvrV/pILqIHXTtqxSkATOnDA2u+jZ/61sD+L/412+7kzXRtWukhpQ==
  dependencies:
    safe-buffer "^5.0.1"

base64-js@^1.5.1:
  version "1.5.1"
  resolved "https://registry.yarnpkg.com/base64-js/-/base64-js-1.5.1.tgz#1b1b440160a5bf7ad40b650f095963481903930a"
  integrity sha512-AKpaYlHn8t4SVbOHCy+b5+KKgvR4vrsD8vbvrbiQJps7fKDTkjkDry6ji0rUJjC0kzbNePLwzxq8iypo41qeWA==

blakejs@^1.1.1:
  version "1.1.1"
  resolved "https://registry.yarnpkg.com/blakejs/-/blakejs-1.1.1.tgz#bf313053978b2cd4c444a48795710be05c785702"
  integrity sha512-bLG6PHOCZJKNshTjGRBvET0vTciwQE6zFKOKKXPDJfwFBd4Ac0yBfPZqcGvGJap50l7ktvlpFqc2jGVaUgbJgg==

bn.js@^4.11.9, bn.js@^4.12.0:
  version "4.12.0"
  resolved "https://registry.yarnpkg.com/bn.js/-/bn.js-4.12.0.tgz#775b3f278efbb9718eec7361f483fb36fbbfea88"
  integrity sha512-c98Bf3tPniI+scsdk237ku1Dc3ujXQTSgyiPUDEOe7tRkhrqridvh8klBv0HCEso1OLOYcHuCv/cS6DNxKH+ZA==

brorand@^1.1.0:
  version "1.1.0"
  resolved "https://registry.yarnpkg.com/brorand/-/brorand-1.1.0.tgz#12c25efe40a45e3c323eb8675a0a0ce57b22371f"
  integrity sha1-EsJe/kCkXjwyPrhnWgoM5XsiNx8=

buffer-from@^1.0.0:
  version "1.1.2"
  resolved "https://registry.yarnpkg.com/buffer-from/-/buffer-from-1.1.2.tgz#2b146a6fd72e80b4f55d255f35ed59a3a9a41bd5"
  integrity sha512-E+XQCRwSbaaiChtv6k6Dwgc+bx+Bs6vuKJHHl5kox/BaKbhiXzqQOwK4cO22yElGp2OCmjwVhT3HmxgyPGnJfQ==

bufferutil@^4.0.1:
  version "4.0.5"
  resolved "https://registry.yarnpkg.com/bufferutil/-/bufferutil-4.0.5.tgz#da9ea8166911cc276bf677b8aed2d02d31f59028"
  integrity sha512-HTm14iMQKK2FjFLRTM5lAVcyaUzOnqbPtesFIvREgXpJHdQm8bWS+GkQgIkfaBYRHuCnea7w8UVNfwiAQhlr9A==
  dependencies:
    node-gyp-build "^4.3.0"

camelcase@^6.2.0:
  version "6.2.0"
  resolved "https://registry.yarnpkg.com/camelcase/-/camelcase-6.2.0.tgz#924af881c9d525ac9d87f40d964e5cea982a1809"
  integrity sha512-c7wVvbw3f37nuobQNtgsgG9POC9qMbNuMQmTCqZv23b6MIz0fcYpBiOlv9gEN/hdLdnZTDQhg6e9Dq5M1vKvfg==

cbor@^8.0.2:
  version "8.1.0"
  resolved "https://registry.yarnpkg.com/cbor/-/cbor-8.1.0.tgz#cfc56437e770b73417a2ecbfc9caf6b771af60d5"
  integrity sha512-DwGjNW9omn6EwP70aXsn7FQJx5kO12tX0bZkaTjzdVFM6/7nhA4t0EENocKGx6D2Bch9PE2KzCUf5SceBdeijg==
  dependencies:
    nofilter "^3.1.0"

cipher-base@^1.0.1:
  version "1.0.4"
  resolved "https://registry.yarnpkg.com/cipher-base/-/cipher-base-1.0.4.tgz#8760e4ecc272f4c363532f926d874aae2c1397de"
  integrity sha512-Kkht5ye6ZGmwv40uUDZztayT2ThLQGfnj/T71N/XzeZeo3nf8foyW7zGTsPYkEya3m5f3cAypH+qe7YOrM1U2Q==
  dependencies:
    inherits "^2.0.1"
    safe-buffer "^5.0.1"

combined-stream@^1.0.8:
  version "1.0.8"
  resolved "https://registry.yarnpkg.com/combined-stream/-/combined-stream-1.0.8.tgz#c3d45a8b34fd730631a110a8a2520682b31d5a7f"
  integrity sha512-FQN4MRfuJeHf7cBbBMJFXhKSDq+2kAArBlmRBvcvFE5BB1HZKXtSFASDhdlz9zOYwxh8lDdnvmMOe/+5cdoEdg==
  dependencies:
    delayed-stream "~1.0.0"

create-hash@^1.2.0:
  version "1.2.0"
  resolved "https://registry.yarnpkg.com/create-hash/-/create-hash-1.2.0.tgz#889078af11a63756bcfb59bd221996be3a9ef196"
  integrity sha512-z00bCGNHDG8mHAkP7CtT1qVu+bFQUPjYq/4Iv3C3kWjTFV10zIjfSoeqXo9Asws8gwSHDGj/hl2u4OGIjapeCg==
  dependencies:
    cipher-base "^1.0.1"
    inherits "^2.0.1"
    md5.js "^1.3.4"
    ripemd160 "^2.0.1"
    sha.js "^2.4.0"

cuint@^0.2.2:
  version "0.2.2"
  resolved "https://registry.yarnpkg.com/cuint/-/cuint-0.2.2.tgz#408086d409550c2631155619e9fa7bcadc3b991b"
  integrity sha1-QICG1AlVDCYxFVYZ6fp7ytw7mRs=

d@1, d@^1.0.1:
  version "1.0.1"
  resolved "https://registry.yarnpkg.com/d/-/d-1.0.1.tgz#8698095372d58dbee346ffd0c7093f99f8f9eb5a"
  integrity sha512-m62ShEObQ39CfralilEQRjH6oAMtNCV1xJyEx5LpRYUVN+EviphDgUc/F3hnYbADmkiNs67Y+3ylmlG7Lnu+FA==
  dependencies:
    es5-ext "^0.10.50"
    type "^1.0.1"

debug@^2.2.0:
  version "2.6.9"
  resolved "https://registry.yarnpkg.com/debug/-/debug-2.6.9.tgz#5d128515df134ff327e90a4c93f4e077a536341f"
  integrity sha512-bC7ElrdJaJnPbAP+1EotYvqZsb3ecl5wi6Bfi6BJTUcNowp6cvspg0jXznRTKDjm/E7AdgFBVeAPVMNcKGsHMA==
  dependencies:
    ms "2.0.0"

delayed-stream@~1.0.0:
  version "1.0.0"
  resolved "https://registry.yarnpkg.com/delayed-stream/-/delayed-stream-1.0.0.tgz#df3ae199acadfb7d440aaae0b29e2272b24ec619"
  integrity sha1-3zrhmayt+31ECqrgsp4icrJOxhk=

diff@^4.0.1:
  version "4.0.2"
  resolved "https://registry.yarnpkg.com/diff/-/diff-4.0.2.tgz#60f3aecb89d5fae520c11aa19efc2bb982aade7d"
  integrity sha512-58lmxKSA4BNyLz+HHMUzlOEpg09FV+ev6ZMe3vJihgdxzgcwZ8VoEEPmALCZG9LmqfVoNMMKpttIYTVG6uDY7A==

ed2curve@^0.3.0:
  version "0.3.0"
  resolved "https://registry.yarnpkg.com/ed2curve/-/ed2curve-0.3.0.tgz#322b575152a45305429d546b071823a93129a05d"
  integrity sha512-8w2fmmq3hv9rCrcI7g9hms2pMunQr1JINfcjwR9tAyZqhtyaMN991lF/ZfHfr5tzZQ8c7y7aBgZbjfbd0fjFwQ==
  dependencies:
    tweetnacl "1.x.x"

elliptic@^6.5.4:
  version "6.5.4"
  resolved "https://registry.yarnpkg.com/elliptic/-/elliptic-6.5.4.tgz#da37cebd31e79a1367e941b592ed1fbebd58abbb"
  integrity sha512-iLhC6ULemrljPZb+QutR5TQGB+pdW6KGD5RSegS+8sorOZT+rdQFbsQFJgvN3eRqNALqJer4oQ16YvJHlU8hzQ==
  dependencies:
    bn.js "^4.11.9"
    brorand "^1.1.0"
    hash.js "^1.0.0"
    hmac-drbg "^1.0.1"
    inherits "^2.0.4"
    minimalistic-assert "^1.0.1"
    minimalistic-crypto-utils "^1.0.1"

error-stack-parser@^1.3.6:
  version "1.3.6"
  resolved "https://registry.yarnpkg.com/error-stack-parser/-/error-stack-parser-1.3.6.tgz#e0e73b93e417138d1cd7c0b746b1a4a14854c292"
  integrity sha1-4Oc7k+QXE40c18C3RrGkoUhUwpI=
  dependencies:
    stackframe "^0.3.1"

es5-ext@^0.10.35, es5-ext@^0.10.50:
  version "0.10.53"
  resolved "https://registry.yarnpkg.com/es5-ext/-/es5-ext-0.10.53.tgz#93c5a3acfdbef275220ad72644ad02ee18368de1"
  integrity sha512-Xs2Stw6NiNHWypzRTY1MtaG/uJlwCk8kH81920ma8mvN8Xq1gsfhZvpkImLQArw8AHnv8MT2I45J3c0R8slE+Q==
  dependencies:
    es6-iterator "~2.0.3"
    es6-symbol "~3.1.3"
    next-tick "~1.0.0"

es6-iterator@~2.0.3:
  version "2.0.3"
  resolved "https://registry.yarnpkg.com/es6-iterator/-/es6-iterator-2.0.3.tgz#a7de889141a05a94b0854403b2d0a0fbfa98f3b7"
  integrity sha1-p96IkUGgWpSwhUQDstCg+/qY87c=
  dependencies:
    d "1"
    es5-ext "^0.10.35"
    es6-symbol "^3.1.1"

es6-symbol@^3.1.1, es6-symbol@~3.1.3:
  version "3.1.3"
  resolved "https://registry.yarnpkg.com/es6-symbol/-/es6-symbol-3.1.3.tgz#bad5d3c1bcdac28269f4cb331e431c78ac705d18"
  integrity sha512-NJ6Yn3FuDinBaBRWl/q5X/s4koRHBrgKAu+yGI6JCBeiu3qrcbJhwT2GeR/EXVfylRk8dpQVJoLEFhK+Mu31NA==
  dependencies:
    d "^1.0.1"
    ext "^1.1.2"

eventemitter3@^4.0.7:
  version "4.0.7"
  resolved "https://registry.yarnpkg.com/eventemitter3/-/eventemitter3-4.0.7.tgz#2de9b68f6528d5644ef5c59526a1b4a07306169f"
  integrity sha512-8guHBZCwKnFhYdHr2ysuRWErTwhoN2X8XELRlrRwpmfeY2jjuUN4taQMsULKUVo1K4DvZl+0pgfyoysHxvmvEw==

ext@^1.1.2:
  version "1.6.0"
  resolved "https://registry.yarnpkg.com/ext/-/ext-1.6.0.tgz#3871d50641e874cc172e2b53f919842d19db4c52"
  integrity sha512-sdBImtzkq2HpkdRLtlLWDa6w4DX22ijZLKx8BMPUuKe1c5lbN6xwQDQCxSfxBQnHZ13ls/FH0MQZx/q/gr6FQg==
  dependencies:
    type "^2.5.0"

fast-deep-equal@^3.1.1:
  version "3.1.3"
  resolved "https://registry.yarnpkg.com/fast-deep-equal/-/fast-deep-equal-3.1.3.tgz#3a7d56b559d6cbc3eb512325244e619a65c6c525"
  integrity sha512-f3qQ9oQy9j2AhBe/H9VC91wLmKBCCU/gDOnKNAYG5hswO7BLKj09Hc5HYNz9cGI++xlpDCIgDaitVs03ATR84Q==

fast-json-stable-stringify@^2.0.0:
  version "2.1.0"
  resolved "https://registry.yarnpkg.com/fast-json-stable-stringify/-/fast-json-stable-stringify-2.1.0.tgz#874bf69c6f404c2b5d99c481341399fd55892633"
  integrity sha512-lhd/wF+Lk98HZoTCtlVraHtfh5XYijIjalXck7saUtuanSDyLMxnHhSXEDJqHxD7msR8D0uCmqlkwjCV8xvwHw==

form-data@^3.0.0:
  version "3.0.1"
  resolved "https://registry.yarnpkg.com/form-data/-/form-data-3.0.1.tgz#ebd53791b78356a99af9a300d4282c4d5eb9755f"
  integrity sha512-RHkBKtLWUVwd7SqRIvCZMEvAMoGUp0XU+seQiZejj0COz3RI3hWP4sCv3gZWWLjJTd7rGwcsF5eKZGii0r/hbg==
  dependencies:
    asynckit "^0.4.0"
    combined-stream "^1.0.8"
    mime-types "^2.1.12"

hash-base@^3.0.0:
  version "3.1.0"
  resolved "https://registry.yarnpkg.com/hash-base/-/hash-base-3.1.0.tgz#55c381d9e06e1d2997a883b4a3fddfe7f0d3af33"
  integrity sha512-1nmYp/rhMDiE7AYkDw+lLwlAzz0AntGIe51F3RfFfEqyQ3feY2eI/NcwC6umIQVOASPMsWJLJScWKSSvzL9IVA==
  dependencies:
    inherits "^2.0.4"
    readable-stream "^3.6.0"
    safe-buffer "^5.2.0"

hash.js@^1.0.0, hash.js@^1.0.3, hash.js@^1.1.7:
  version "1.1.7"
  resolved "https://registry.yarnpkg.com/hash.js/-/hash.js-1.1.7.tgz#0babca538e8d4ee4a0f8988d68866537a003cf42"
  integrity sha512-taOaskGt4z4SOANNseOviYDvjEJinIkRgmp7LbKP2YTTmVxWBl87s/uzK9r+44BclBSp2X7K1hqeNfz9JbBeXA==
  dependencies:
    inherits "^2.0.3"
    minimalistic-assert "^1.0.1"

hmac-drbg@^1.0.1:
  version "1.0.1"
  resolved "https://registry.yarnpkg.com/hmac-drbg/-/hmac-drbg-1.0.1.tgz#d2745701025a6c775a6c545793ed502fc0c649a1"
  integrity sha1-0nRXAQJabHdabFRXk+1QL8DGSaE=
  dependencies:
    hash.js "^1.0.3"
    minimalistic-assert "^1.0.0"
    minimalistic-crypto-utils "^1.0.1"

inherits@^2.0.1, inherits@^2.0.3, inherits@^2.0.4:
  version "2.0.4"
  resolved "https://registry.yarnpkg.com/inherits/-/inherits-2.0.4.tgz#0fa2c64f932917c3433a0ded55363aae37416b7c"
  integrity sha512-k/vGaX4/Yla3WzyMCvTQOXYeIHvqOKtnqBduzTHpzpQZzAskKMhZ2K+EnBiSM9zGSoIFeMpXKxa4dYeZIQqewQ==

ip-regex@^4.3.0:
  version "4.3.0"
  resolved "https://registry.yarnpkg.com/ip-regex/-/ip-regex-4.3.0.tgz#687275ab0f57fa76978ff8f4dddc8a23d5990db5"
  integrity sha512-B9ZWJxHHOHUhUjCPrMpLD4xEq35bUTClHM1S6CBU5ixQnkZmwipwgc96vAd7AAGM9TGHvJR+Uss+/Ak6UphK+Q==

is-typedarray@^1.0.0:
  version "1.0.0"
  resolved "https://registry.yarnpkg.com/is-typedarray/-/is-typedarray-1.0.0.tgz#e479c80858df0c1b11ddda6940f96011fcda4a9a"
  integrity sha1-5HnICFjfDBsR3dppQPlgEfzaSpo=

js-sha3@^0.8.0:
  version "0.8.0"
  resolved "https://registry.yarnpkg.com/js-sha3/-/js-sha3-0.8.0.tgz#b9b7a5da73afad7dedd0f8c463954cbde6818840"
  integrity sha512-gF1cRrHhIzNfToc802P800N8PpXS+evLLXfsVpowqmAFR9uwbi89WvXg2QspOmXL8QL86J4T1EpFu+yUkwJY3Q==

json-schema-traverse@^0.4.1:
  version "0.4.1"
  resolved "https://registry.yarnpkg.com/json-schema-traverse/-/json-schema-traverse-0.4.1.tgz#69f6a87d9513ab8bb8fe63bdb0979c448e684660"
  integrity sha512-xbbCH5dCYU5T8LcEhhuh7HJ88HXuW3qsI3Y0zOZFKfZEHcpWiHU/Jxzk629Brsab/mMiHQti9wMP+845RPe3Vg==

make-error@^1.1.1:
  version "1.3.6"
  resolved "https://registry.yarnpkg.com/make-error/-/make-error-1.3.6.tgz#2eb2e37ea9b67c4891f684a1394799af484cf7a2"
  integrity sha512-s8UhlNe7vPKomQhC1qFelMokr/Sc3AgNbso3n74mVPA5LTZwkB9NlXf4XPamLxJE8h0gh73rM94xvwRT2CVInw==

md5.js@^1.3.4:
  version "1.3.5"
  resolved "https://registry.yarnpkg.com/md5.js/-/md5.js-1.3.5.tgz#b5d07b8e3216e3e27cd728d72f70d1e6a342005f"
  integrity sha512-xitP+WxNPcTTOgnTJcrhM0xvdPepipPSf3I8EIpGKeFLjt3PlJLIDG3u8EX53ZIubkb+5U2+3rELYpEhHhzdkg==
  dependencies:
    hash-base "^3.0.0"
    inherits "^2.0.1"
    safe-buffer "^5.1.2"

mime-db@1.51.0:
  version "1.51.0"
  resolved "https://registry.yarnpkg.com/mime-db/-/mime-db-1.51.0.tgz#d9ff62451859b18342d960850dc3cfb77e63fb0c"
  integrity sha512-5y8A56jg7XVQx2mbv1lu49NR4dokRnhZYTtL+KGfaa27uq4pSTXkwQkFJl4pkRMyNFz/EtYDSkiiEHx3F7UN6g==

mime-types@^2.1.12:
  version "2.1.34"
  resolved "https://registry.yarnpkg.com/mime-types/-/mime-types-2.1.34.tgz#5a712f9ec1503511a945803640fafe09d3793c24"
  integrity sha512-6cP692WwGIs9XXdOO4++N+7qjqv0rqxxVvJ3VHPh/Sc9mVZcQP+ZGhkKiTvWMQRr2tbHkJP/Yn7Y0npb3ZBs4A==
  dependencies:
    mime-db "1.51.0"

minimalistic-assert@^1.0.0, minimalistic-assert@^1.0.1:
  version "1.0.1"
  resolved "https://registry.yarnpkg.com/minimalistic-assert/-/minimalistic-assert-1.0.1.tgz#2e194de044626d4a10e7f7fbc00ce73e83e4d5c7"
  integrity sha512-UtJcAD4yEaGtjPezWuO9wC4nwUnVH/8/Im3yEHQP4b67cXlD/Qr9hdITCU1xDbSEXg2XKNaP8jsReV7vQd00/A==

minimalistic-crypto-utils@^1.0.1:
  version "1.0.1"
  resolved "https://registry.yarnpkg.com/minimalistic-crypto-utils/-/minimalistic-crypto-utils-1.0.1.tgz#f6c00c1c0b082246e5c4d99dfb8c7c083b2b582a"
  integrity sha1-9sAMHAsIIkblxNmd+4x8CDsrWCo=

ms@2.0.0:
  version "2.0.0"
  resolved "https://registry.yarnpkg.com/ms/-/ms-2.0.0.tgz#5608aeadfc00be6c2901df5f9861788de0d597c8"
  integrity sha1-VgiurfwAvmwpAd9fmGF4jeDVl8g=

next-tick@~1.0.0:
  version "1.0.0"
  resolved "https://registry.yarnpkg.com/next-tick/-/next-tick-1.0.0.tgz#ca86d1fe8828169b0120208e3dc8424b9db8342c"
  integrity sha1-yobR/ogoFpsBICCOPchCS524NCw=

node-fetch@^2.6.6:
  version "2.6.6"
  resolved "https://registry.yarnpkg.com/node-fetch/-/node-fetch-2.6.6.tgz#1751a7c01834e8e1697758732e9efb6eeadfaf89"
  integrity sha512-Z8/6vRlTUChSdIgMa51jxQ4lrw/Jy5SOW10ObaA47/RElsAN2c5Pn8bTgFGWn/ibwzXTE8qwr1Yzx28vsecXEA==
  dependencies:
    whatwg-url "^5.0.0"

node-gyp-build@^4.3.0:
  version "4.3.0"
  resolved "https://registry.yarnpkg.com/node-gyp-build/-/node-gyp-build-4.3.0.tgz#9f256b03e5826150be39c764bf51e993946d71a3"
  integrity sha512-iWjXZvmboq0ja1pUGULQBexmxq8CV4xBhX7VDOTbL7ZR4FOowwY/VOtRxBN/yKxmdGoIp4j5ysNT4u3S2pDQ3Q==

nofilter@^3.1.0:
  version "3.1.0"
  resolved "https://registry.yarnpkg.com/nofilter/-/nofilter-3.1.0.tgz#c757ba68801d41ff930ba2ec55bab52ca184aa66"
  integrity sha512-l2NNj07e9afPnhAhvgVrCD/oy2Ai1yfLpuo3EpiO1jFTsB4sFz6oIfAfSZyQzVpkZQ9xS8ZS5g1jCBgq4Hwo0g==

punycode@^2.1.0:
  version "2.1.1"
  resolved "https://registry.yarnpkg.com/punycode/-/punycode-2.1.1.tgz#b58b010ac40c22c5657616c8d2c2c02c7bf479ec"
  integrity sha512-XRsRjdf+j5ml+y/6GKHPZbrF/8p2Yga0JPtdqTIY2Xe5ohJPD9saDJJLPvp9+NSBprVvevdXZybnj2cv8OEd0A==

readable-stream@^3.6.0:
  version "3.6.0"
  resolved "https://registry.yarnpkg.com/readable-stream/-/readable-stream-3.6.0.tgz#337bbda3adc0706bd3e024426a286d4b4b2c9198"
  integrity sha512-BViHy7LKeTz4oNnkcLJ+lVSL6vpiFeX6/d3oSH8zCW7UxP2onchk+vTGB143xuFjHS3deTgkKoXXymXqymiIdA==
  dependencies:
    inherits "^2.0.3"
    string_decoder "^1.1.1"
    util-deprecate "^1.0.1"

regenerator-runtime@^0.13.4:
  version "0.13.9"
  resolved "https://registry.yarnpkg.com/regenerator-runtime/-/regenerator-runtime-0.13.9.tgz#8925742a98ffd90814988d7566ad30ca3b263b52"
  integrity sha512-p3VT+cOEgxFsRRA9X4lkI1E+k2/CtnKtU4gcxyaCUreilL/vqI6CdZ3wxVUx3UOUg+gnUOQQcRI7BmSI656MYA==

ripemd160@^2.0.1:
  version "2.0.2"
  resolved "https://registry.yarnpkg.com/ripemd160/-/ripemd160-2.0.2.tgz#a1c1a6f624751577ba5d07914cbc92850585890c"
  integrity sha512-ii4iagi25WusVoiC4B4lq7pbXfAp3D9v5CwfkY33vffw2+pkDjY1D8GaN7spsxvCSx8dkPqOZCEZyfxcmJG2IA==
  dependencies:
    hash-base "^3.0.0"
    inherits "^2.0.1"

rxjs@^7.4.0:
  version "7.4.0"
  resolved "https://registry.yarnpkg.com/rxjs/-/rxjs-7.4.0.tgz#a12a44d7eebf016f5ff2441b87f28c9a51cebc68"
  integrity sha512-7SQDi7xeTMCJpqViXh8gL/lebcwlp3d831F05+9B44A4B0WfsEwUQHR64gsH1kvJ+Ep/J9K2+n1hVl1CsGN23w==
  dependencies:
    tslib "~2.1.0"

safe-buffer@^5.0.1, safe-buffer@^5.1.2, safe-buffer@^5.2.0, safe-buffer@~5.2.0:
  version "5.2.1"
  resolved "https://registry.yarnpkg.com/safe-buffer/-/safe-buffer-5.2.1.tgz#1eaf9fa9bdb1fdd4ec75f58f9cdb4e6b7827eec6"
  integrity sha512-rp3So07KcdmmKbGvgaNxQSJr7bGVSVk5S9Eq1F+ppbRo70+YeaDxkw5Dd8NPN+GD6bjnYm2VuPuCXmpuYvmCXQ==

scryptsy@^2.1.0:
  version "2.1.0"
  resolved "https://registry.yarnpkg.com/scryptsy/-/scryptsy-2.1.0.tgz#8d1e8d0c025b58fdd25b6fa9a0dc905ee8faa790"
  integrity sha512-1CdSqHQowJBnMAFyPEBRfqag/YP9OF394FV+4YREIJX4ljD7OxvQRDayyoyyCk+senRjSkP6VnUNQmVQqB6g7w==

sha.js@^2.4.0:
  version "2.4.11"
  resolved "https://registry.yarnpkg.com/sha.js/-/sha.js-2.4.11.tgz#37a5cf0b81ecbc6943de109ba2960d1b26584ae7"
  integrity sha512-QMEp5B7cftE7APOjk5Y6xgrbWu+WkLVQwk8JNjZ8nKRciZaByEW6MubieAiToS7+dwvrjGhH8jRXz3MVd0AYqQ==
  dependencies:
    inherits "^2.0.1"
    safe-buffer "^5.0.1"

source-map-support@^0.5.17:
  version "0.5.21"
  resolved "https://registry.yarnpkg.com/source-map-support/-/source-map-support-0.5.21.tgz#04fe7c7f9e1ed2d662233c28cb2b35b9f63f6e4f"
  integrity sha512-uBHU3L3czsIyYXKX88fdrGovxdSCoTGDRZ6SYXtSRxLZUzHg5P/66Ht6uoUlHu9EZod+inXhKo3qQgwXUT/y1w==
  dependencies:
    buffer-from "^1.0.0"
    source-map "^0.6.0"

source-map@0.5.6:
  version "0.5.6"
  resolved "https://registry.yarnpkg.com/source-map/-/source-map-0.5.6.tgz#75ce38f52bf0733c5a7f0c118d81334a2bb5f412"
  integrity sha1-dc449SvwczxafwwRjYEzSiu19BI=

source-map@^0.6.0:
  version "0.6.1"
  resolved "https://registry.yarnpkg.com/source-map/-/source-map-0.6.1.tgz#74722af32e9614e9c287a8d0bbde48b5e2f1a263"
  integrity sha512-UjgapumWlbMhkBgzT7Ykc5YXUT46F0iKu8SGXq0bcwP5dz/h0Plj6enJqjz1Zbq2l5WaqYnrVbwWOWMyF3F47g==

stack-generator@^1.0.7:
  version "1.1.0"
  resolved "https://registry.yarnpkg.com/stack-generator/-/stack-generator-1.1.0.tgz#36f6a920751a6c10f499a13c32cbb5f51a0b8b25"
  integrity sha1-NvapIHUabBD0maE8Msu19RoLiyU=
  dependencies:
    stackframe "^1.0.2"

stackframe@^0.3.1, stackframe@~0.3:
  version "0.3.1"
  resolved "https://registry.yarnpkg.com/stackframe/-/stackframe-0.3.1.tgz#33aa84f1177a5548c8935533cbfeb3420975f5a4"
  integrity sha1-M6qE8Rd6VUjIk1Uzy/6zQgl19aQ=

stackframe@^1.0.2:
  version "1.2.0"
  resolved "https://registry.yarnpkg.com/stackframe/-/stackframe-1.2.0.tgz#52429492d63c62eb989804c11552e3d22e779303"
  integrity sha512-GrdeshiRmS1YLMYgzF16olf2jJ/IzxXY9lhKOskuVziubpTYcYqyOwYeJKzQkwy7uN0fYSsbsC4RQaXf9LCrYA==

stacktrace-gps@^2.4.3:
  version "2.4.4"
  resolved "https://registry.yarnpkg.com/stacktrace-gps/-/stacktrace-gps-2.4.4.tgz#69c827e9d6d6f41cf438d7f195e2e3cbfcf28c44"
  integrity sha1-acgn6dbW9Bz0ONfxleLjy/zyjEQ=
  dependencies:
    source-map "0.5.6"
    stackframe "~0.3"

stacktrace-js@1.3.1:
  version "1.3.1"
  resolved "https://registry.yarnpkg.com/stacktrace-js/-/stacktrace-js-1.3.1.tgz#67cab2589af5c417b962f7369940277bb3b6a18b"
  integrity sha1-Z8qyWJr1xBe5Yvc2mUAne7O2oYs=
  dependencies:
    error-stack-parser "^1.3.6"
    stack-generator "^1.0.7"
    stacktrace-gps "^2.4.3"

string_decoder@^1.1.1:
  version "1.3.0"
  resolved "https://registry.yarnpkg.com/string_decoder/-/string_decoder-1.3.0.tgz#42f114594a46cf1a8e30b0a84f56c78c3edac21e"
  integrity sha512-hkRX8U1WjJFd8LsDJ2yQ/wWWxaopEsABU1XfkM8A+j0+85JAGppt16cr1Whg6KIbb4okU6Mql6BOj+uup/wKeA==
  dependencies:
    safe-buffer "~5.2.0"

tr46@~0.0.3:
  version "0.0.3"
  resolved "https://registry.yarnpkg.com/tr46/-/tr46-0.0.3.tgz#8184fd347dac9cdc185992f3a6622e14b9d9ab6a"
  integrity sha1-gYT9NH2snNwYWZLzpmIuFLnZq2o=

ts-node@^8.10.2:
  version "8.10.2"
  resolved "https://registry.yarnpkg.com/ts-node/-/ts-node-8.10.2.tgz#eee03764633b1234ddd37f8db9ec10b75ec7fb8d"
  integrity sha512-ISJJGgkIpDdBhWVu3jufsWpK3Rzo7bdiIXJjQc0ynKxVOVcg2oIrf2H2cejminGrptVc6q6/uynAHNCuWGbpVA==
  dependencies:
    arg "^4.1.0"
    diff "^4.0.1"
    make-error "^1.1.1"
    source-map-support "^0.5.17"
    yn "3.1.1"

tslib@~2.1.0:
  version "2.1.0"
  resolved "https://registry.yarnpkg.com/tslib/-/tslib-2.1.0.tgz#da60860f1c2ecaa5703ab7d39bc05b6bf988b97a"
  integrity sha512-hcVC3wYEziELGGmEEXue7D75zbwIIVUMWAVbHItGPx0ziyXxrOMQx4rQEVEV45Ut/1IotuEvwqPopzIOkDMf0A==

tweetnacl@1.x.x, tweetnacl@^1.0.3:
  version "1.0.3"
  resolved "https://registry.yarnpkg.com/tweetnacl/-/tweetnacl-1.0.3.tgz#ac0af71680458d8a6378d0d0d050ab1407d35596"
  integrity sha512-6rt+RN7aOi1nGMyC4Xa5DdYiukl2UWCbcJft7YhxReBGQD7OAM8Pbxw6YMo4r2diNEA8FEmu32YOn9rhaiE5yw==

type@^1.0.1:
  version "1.2.0"
  resolved "https://registry.yarnpkg.com/type/-/type-1.2.0.tgz#848dd7698dafa3e54a6c479e759c4bc3f18847a0"
  integrity sha512-+5nt5AAniqsCnu2cEQQdpzCAh33kVx8n0VoFidKpB1dVVLAN/F+bgVOqOJqOnEnrhp222clB5p3vUlD+1QAnfg==

type@^2.5.0:
  version "2.5.0"
  resolved "https://registry.yarnpkg.com/type/-/type-2.5.0.tgz#0a2e78c2e77907b252abe5f298c1b01c63f0db3d"
  integrity sha512-180WMDQaIMm3+7hGXWf12GtdniDEy7nYcyFMKJn/eZz/6tSLXrUN9V0wKSbMjej0I1WHWbpREDEKHtqPQa9NNw==

typedarray-to-buffer@^3.1.5:
  version "3.1.5"
  resolved "https://registry.yarnpkg.com/typedarray-to-buffer/-/typedarray-to-buffer-3.1.5.tgz#a97ee7a9ff42691b9f783ff1bc5112fe3fca9080"
  integrity sha512-zdu8XMNEDepKKR+XYOXAVPtWui0ly0NtohUscw+UmaHiAWT8hrV1rr//H6V+0DvJ3OQ19S979M0laLfX8rm82Q==
  dependencies:
    is-typedarray "^1.0.0"

typescript-logging@^0.6.4:
  version "0.6.4"
  resolved "https://registry.yarnpkg.com/typescript-logging/-/typescript-logging-0.6.4.tgz#c752cb3e7c051a32d3636a9b277a0a5e5295051e"
  integrity sha512-jXISCGFyp4Q1uKLKi3zF0o8rwjeEipcIO7+C+jRttks3Ci8+8jDi9e87Jmz+8xuzZq+OcKJhDkiyHriqaWb+4A==
  dependencies:
    stacktrace-js "1.3.1"

typescript@^3.9.6:
  version "3.9.10"
  resolved "https://registry.yarnpkg.com/typescript/-/typescript-3.9.10.tgz#70f3910ac7a51ed6bef79da7800690b19bf778b8"
  integrity sha512-w6fIxVE/H1PkLKcCPsFqKE7Kv7QUwhU8qQY2MueZXWx5cPZdwFupLgKK3vntcK98BtNHZtAF4LA/yl2a7k8R6Q==

uri-js@^4.2.2:
  version "4.4.1"
  resolved "https://registry.yarnpkg.com/uri-js/-/uri-js-4.4.1.tgz#9b1a52595225859e55f669d928f88c6c57f2a77e"
  integrity sha512-7rKUyy33Q1yc98pQ1DAmLtwX109F7TIfWlW1Ydo8Wl1ii1SeHieeh0HHfPeL2fMXK6z0s8ecKs9frCuLJvndBg==
  dependencies:
    punycode "^2.1.0"

utf-8-validate@^5.0.2:
  version "5.0.7"
  resolved "https://registry.yarnpkg.com/utf-8-validate/-/utf-8-validate-5.0.7.tgz#c15a19a6af1f7ad9ec7ddc425747ca28c3644922"
  integrity sha512-vLt1O5Pp+flcArHGIyKEQq883nBt8nN8tVBcoL0qUXj2XT1n7p70yGIq2VK98I5FdZ1YHc0wk/koOnHjnXWk1Q==
  dependencies:
    node-gyp-build "^4.3.0"

util-deprecate@^1.0.1:
  version "1.0.2"
  resolved "https://registry.yarnpkg.com/util-deprecate/-/util-deprecate-1.0.2.tgz#450d4dc9fa70de732762fbd2d4a28981419a0ccf"
  integrity sha1-RQ1Nyfpw3nMnYvvS1KKJgUGaDM8=

uuid@^8.1.0:
  version "8.3.2"
  resolved "https://registry.yarnpkg.com/uuid/-/uuid-8.3.2.tgz#80d5b5ced271bb9af6c445f21a1a04c606cefbe2"
  integrity sha512-+NYs2QeMWy+GWFOEm9xnn6HCDp0l7QBD7ml8zLUmJ+93Q5NF0NocErnwkTkXVFNiX3/fpC6afS8Dhb/gz7R7eg==

webidl-conversions@^3.0.0:
  version "3.0.1"
  resolved "https://registry.yarnpkg.com/webidl-conversions/-/webidl-conversions-3.0.1.tgz#24534275e2a7bc6be7bc86611cc16ae0a5654871"
  integrity sha1-JFNCdeKnvGvnvIZhHMFq4KVlSHE=

websocket@^1.0.34:
  version "1.0.34"
  resolved "https://registry.yarnpkg.com/websocket/-/websocket-1.0.34.tgz#2bdc2602c08bf2c82253b730655c0ef7dcab3111"
  integrity sha512-PRDso2sGwF6kM75QykIesBijKSVceR6jL2G8NGYyq2XrItNC2P5/qL5XeR056GhA+Ly7JMFvJb9I312mJfmqnQ==
  dependencies:
    bufferutil "^4.0.1"
    debug "^2.2.0"
    es5-ext "^0.10.50"
    typedarray-to-buffer "^3.1.5"
    utf-8-validate "^5.0.2"
    yaeti "^0.0.6"

whatwg-url@^5.0.0:
  version "5.0.0"
  resolved "https://registry.yarnpkg.com/whatwg-url/-/whatwg-url-5.0.0.tgz#966454e8765462e37644d3626f6742ce8b70965d"
  integrity sha1-lmRU6HZUYuN2RNNib2dCzotwll0=
  dependencies:
    tr46 "~0.0.3"
    webidl-conversions "^3.0.0"

xxhashjs@^0.2.2:
  version "0.2.2"
  resolved "https://registry.yarnpkg.com/xxhashjs/-/xxhashjs-0.2.2.tgz#8a6251567621a1c46a5ae204da0249c7f8caa9d8"
  integrity sha512-AkTuIuVTET12tpsVIQo+ZU6f/qDmKuRUcjaqR+OIvm+aCBsZ95i7UVY5WJ9TMsSaZ0DA2WxoZ4acu0sPH+OKAw==
  dependencies:
    cuint "^0.2.2"

yaeti@^0.0.6:
  version "0.0.6"
  resolved "https://registry.yarnpkg.com/yaeti/-/yaeti-0.0.6.tgz#f26f484d72684cf42bedfb76970aa1608fbf9577"
  integrity sha1-8m9ITXJoTPQr7ft2lwqhYI+/lXc=

yn@3.1.1:
  version "3.1.1"
  resolved "https://registry.yarnpkg.com/yn/-/yn-3.1.1.tgz#1e87401a09d767c1d5eab26a6e4c185182d2eb50"
  integrity sha512-Ux4ygGWsu2c7isFWe8Yu1YluJmqVhxqK2cLXNQA5AcC3QfbGNpM7fu0Y8b/z16pXLnFxZYvWhd3fhBY9DLmC6Q==
